
Microsoft Visual Studio Solution File, Format Version 12.00
# Visual Studio 14
VisualStudioVersion = 14.0.25123.0
MinimumVisualStudioVersion = 10.0.40219.1
Project("{FAE04EC0-301F-11D3-BF4B-00C04F79EFBC}") = "SceneAssetsSubBuild", "SceneAssetsSubBuild\SceneAssetsSubBuild.csproj", "{CF0ED428-CC0F-4D4A-A50F-DAAEFBDCC5F9}"
EndProject
Project("{FAE04EC0-301F-11D3-BF4B-00C04F79EFBC}") = "AssetsManager", "AssetsManager\AssetsManager.csproj", "{8084BC3F-6ABE-4DE5-ACF7-0068A17EE7FC}"
EndProject
Global
	GlobalSection(SolutionConfigurationPlatforms) = preSolution
		Debug|Any CPU = Debug|Any CPU
		Release|Any CPU = Release|Any CPU
	EndGlobalSection
	GlobalSection(ProjectConfigurationPlatforms) = postSolution
		{CF0ED428-CC0F-4D4A-A50F-DAAEFBDCC5F9}.Debug|Any CPU.ActiveCfg = Debug|Any CPU
		{CF0ED428-CC0F-4D4A-A50F-DAAEFBDCC5F9}.Debug|Any CPU.Build.0 = Debug|Any CPU
		{CF0ED428-CC0F-4D4A-A50F-DAAEFBDCC5F9}.Release|Any CPU.ActiveCfg = Release|Any CPU
		{CF0ED428-CC0F-4D4A-A50F-DAAEFBDCC5F9}.Release|Any CPU.Build.0 = Release|Any CPU
		{8084BC3F-6ABE-4DE5-ACF7-0068A17EE7FC}.Debug|Any CPU.ActiveCfg = Debug|Any CPU
		{8084BC3F-6ABE-4DE5-ACF7-0068A17EE7FC}.Debug|Any CPU.Build.0 = Debug|Any CPU
		{8084BC3F-6ABE-4DE5-ACF7-0068A17EE7FC}.Release|Any CPU.ActiveCfg = Release|Any CPU
		{8084BC3F-6ABE-4DE5-ACF7-0068A17EE7FC}.Release|Any CPU.Build.0 = Release|Any CPU
	EndGlobalSection
	GlobalSection(SolutionProperties) = preSolution
		HideSolutionNode = FALSE
	EndGlobalSection
EndGlobal
